// !$*UTF8*$!
{
	archiveVersion = 1;
	classes = {
	};
	objectVersion = 56;
	objects = {

/* Begin PBXBuildFile section */
		0E24001828FAD84D0064CA60 /* AuthViewModel.swift in Sources */ = {isa = PBXBuildFile; fileRef = 0E24001728FAD84D0064CA60 /* AuthViewModel.swift */; };
		0E24001B28FAF8520064CA60 /* DashBoardView.swift in Sources */ = {isa = PBXBuildFile; fileRef = 0E24001A28FAF8520064CA60 /* DashBoardView.swift */; };
		0E24001D28FB7DFA0064CA60 /* TODOViewModel.swift in Sources */ = {isa = PBXBuildFile; fileRef = 0E24001C28FB7DF90064CA60 /* TODOViewModel.swift */; };
		0E46198028F8FDBE00426427 /* FirebaseAnalytics in Frameworks */ = {isa = PBXBuildFile; productRef = 0E46197F28F8FDBE00426427 /* FirebaseAnalytics */; };
		0E46198228F8FDBE00426427 /* FirebaseAuth in Frameworks */ = {isa = PBXBuildFile; productRef = 0E46198128F8FDBE00426427 /* FirebaseAuth */; };
		0E46198428F8FDBE00426427 /* FirebaseCrashlytics in Frameworks */ = {isa = PBXBuildFile; productRef = 0E46198328F8FDBE00426427 /* FirebaseCrashlytics */; };
		0E46198628F8FDBE00426427 /* FirebaseDatabase in Frameworks */ = {isa = PBXBuildFile; productRef = 0E46198528F8FDBE00426427 /* FirebaseDatabase */; };
		0E46198828F8FDBE00426427 /* FirebaseFirestore in Frameworks */ = {isa = PBXBuildFile; productRef = 0E46198728F8FDBE00426427 /* FirebaseFirestore */; };
		0E46198A28F8FDBE00426427 /* FirebaseStorage in Frameworks */ = {isa = PBXBuildFile; productRef = 0E46198928F8FDBE00426427 /* FirebaseStorage */; };
		0E88760328F5567100260B2C /* LoginView.swift in Sources */ = {isa = PBXBuildFile; fileRef = 0E88760228F5567100260B2C /* LoginView.swift */; };
		0E88760728F5588A00260B2C /* SignupView.swift in Sources */ = {isa = PBXBuildFile; fileRef = 0E88760628F5588A00260B2C /* SignupView.swift */; };
		0E88760928F5596B00260B2C /* BackgroundGradientView.swift in Sources */ = {isa = PBXBuildFile; fileRef = 0E88760828F5596B00260B2C /* BackgroundGradientView.swift */; };
		0E88760B28F5BC7F00260B2C /* LogoView.swift in Sources */ = {isa = PBXBuildFile; fileRef = 0E88760A28F5BC7F00260B2C /* LogoView.swift */; };
		0E88760D28F5E91D00260B2C /* CustomTextField.swift in Sources */ = {isa = PBXBuildFile; fileRef = 0E88760C28F5E91D00260B2C /* CustomTextField.swift */; };
		0E88761028F6029400260B2C /* EmailTextField.swift in Sources */ = {isa = PBXBuildFile; fileRef = 0E88760F28F6029400260B2C /* EmailTextField.swift */; };
		0E8DDFE328FABD6200B841CF /* MockData.swift in Sources */ = {isa = PBXBuildFile; fileRef = 0E8DDFE228FABD6200B841CF /* MockData.swift */; };
		0EABF41F28F4A0540014B9E0 /* _bAllDoneTutoringApp.swift in Sources */ = {isa = PBXBuildFile; fileRef = 0EABF41E28F4A0540014B9E0 /* _bAllDoneTutoringApp.swift */; };
		0EABF42128F4A0540014B9E0 /* ContentView.swift in Sources */ = {isa = PBXBuildFile; fileRef = 0EABF42028F4A0540014B9E0 /* ContentView.swift */; };
		0EABF42328F4A0560014B9E0 /* Assets.xcassets in Resources */ = {isa = PBXBuildFile; fileRef = 0EABF42228F4A0560014B9E0 /* Assets.xcassets */; };
		0EABF42628F4A0560014B9E0 /* Preview Assets.xcassets in Resources */ = {isa = PBXBuildFile; fileRef = 0EABF42528F4A0560014B9E0 /* Preview Assets.xcassets */; };
		0EB5CD8D28FD288A008506C8 /* SearchBarView.swift in Sources */ = {isa = PBXBuildFile; fileRef = 0EB5CD8C28FD288A008506C8 /* SearchBarView.swift */; };
		0EC942F328FA8C9900D8B991 /* Constants.swift in Sources */ = {isa = PBXBuildFile; fileRef = 0EC942F228FA8C9900D8B991 /* Constants.swift */; };
		0EC942F528FA8DD900D8B991 /* AppUser.swift in Sources */ = {isa = PBXBuildFile; fileRef = 0EC942F428FA8DD900D8B991 /* AppUser.swift */; };
		0EC942F728FA90EA00D8B991 /* TODO.swift in Sources */ = {isa = PBXBuildFile; fileRef = 0EC942F628FA90EA00D8B991 /* TODO.swift */; };
		0EC942F928FA992200D8B991 /* SelectedButton.swift in Sources */ = {isa = PBXBuildFile; fileRef = 0EC942F828FA992200D8B991 /* SelectedButton.swift */; };
		0EC942FC28FABB5A00D8B991 /* FirebaseAnalyticsSwift in Frameworks */ = {isa = PBXBuildFile; productRef = 0EC942FB28FABB5A00D8B991 /* FirebaseAnalyticsSwift */; };
		0EC942FE28FABB5A00D8B991 /* FirebaseFirestoreSwift in Frameworks */ = {isa = PBXBuildFile; productRef = 0EC942FD28FABB5A00D8B991 /* FirebaseFirestoreSwift */; };
		0EC9430028FABB5A00D8B991 /* FirebaseFunctions in Frameworks */ = {isa = PBXBuildFile; productRef = 0EC942FF28FABB5A00D8B991 /* FirebaseFunctions */; };
		0EECEF3A28F69128004E20F1 /* CustomSecureTextField.swift in Sources */ = {isa = PBXBuildFile; fileRef = 0EECEF3928F69128004E20F1 /* CustomSecureTextField.swift */; };
		0EECEF3C28F69434004E20F1 /* PasswordSecureField.swift in Sources */ = {isa = PBXBuildFile; fileRef = 0EECEF3B28F69434004E20F1 /* PasswordSecureField.swift */; };
		0EECEF3E28F6CCC6004E20F1 /* AuthenticateButtonView.swift in Sources */ = {isa = PBXBuildFile; fileRef = 0EECEF3D28F6CCC6004E20F1 /* AuthenticateButtonView.swift */; };
		0EECEF4028F6E0D1004E20F1 /* UserTextField.swift in Sources */ = {isa = PBXBuildFile; fileRef = 0EECEF3F28F6E0D1004E20F1 /* UserTextField.swift */; };
		0EECEF4228F71145004E20F1 /* GoogleService-Info.plist in Resources */ = {isa = PBXBuildFile; fileRef = 0EECEF4128F71145004E20F1 /* GoogleService-Info.plist */; };
		0EFA6C8C28FD75AE0015DAFF /* TODOButtonStack.swift in Sources */ = {isa = PBXBuildFile; fileRef = 0EFA6C8B28FD75AE0015DAFF /* TODOButtonStack.swift */; };
		0EFA6C8E28FD7E4C0015DAFF /* AddTODOLogo.swift in Sources */ = {isa = PBXBuildFile; fileRef = 0EFA6C8D28FD7E4C0015DAFF /* AddTODOLogo.swift */; };
/* End PBXBuildFile section */

/* Begin PBXFileReference section */
		0E24001728FAD84D0064CA60 /* AuthViewModel.swift */ = {isa = PBXFileReference; lastKnownFileType = sourcecode.swift; path = AuthViewModel.swift; sourceTree = "<group>"; };
		0E24001A28FAF8520064CA60 /* DashBoardView.swift */ = {isa = PBXFileReference; lastKnownFileType = sourcecode.swift; path = DashBoardView.swift; sourceTree = "<group>"; };
		0E24001C28FB7DF90064CA60 /* TODOViewModel.swift */ = {isa = PBXFileReference; lastKnownFileType = sourcecode.swift; path = TODOViewModel.swift; sourceTree = "<group>"; };
		0E88760228F5567100260B2C /* LoginView.swift */ = {isa = PBXFileReference; lastKnownFileType = sourcecode.swift; path = LoginView.swift; sourceTree = "<group>"; };
		0E88760628F5588A00260B2C /* SignupView.swift */ = {isa = PBXFileReference; lastKnownFileType = sourcecode.swift; path = SignupView.swift; sourceTree = "<group>"; };
		0E88760828F5596B00260B2C /* BackgroundGradientView.swift */ = {isa = PBXFileReference; lastKnownFileType = sourcecode.swift; path = BackgroundGradientView.swift; sourceTree = "<group>"; };
		0E88760A28F5BC7F00260B2C /* LogoView.swift */ = {isa = PBXFileReference; lastKnownFileType = sourcecode.swift; path = LogoView.swift; sourceTree = "<group>"; };
		0E88760C28F5E91D00260B2C /* CustomTextField.swift */ = {isa = PBXFileReference; lastKnownFileType = sourcecode.swift; path = CustomTextField.swift; sourceTree = "<group>"; };
		0E88760F28F6029400260B2C /* EmailTextField.swift */ = {isa = PBXFileReference; lastKnownFileType = sourcecode.swift; path = EmailTextField.swift; sourceTree = "<group>"; };
		0E8DDFE228FABD6200B841CF /* MockData.swift */ = {isa = PBXFileReference; lastKnownFileType = sourcecode.swift; path = MockData.swift; sourceTree = "<group>"; };
		0EABF41B28F4A0540014B9E0 /* 2bAllDoneTutoring.app */ = {isa = PBXFileReference; explicitFileType = wrapper.application; includeInIndex = 0; path = 2bAllDoneTutoring.app; sourceTree = BUILT_PRODUCTS_DIR; };
		0EABF41E28F4A0540014B9E0 /* _bAllDoneTutoringApp.swift */ = {isa = PBXFileReference; lastKnownFileType = sourcecode.swift; path = _bAllDoneTutoringApp.swift; sourceTree = "<group>"; };
		0EABF42028F4A0540014B9E0 /* ContentView.swift */ = {isa = PBXFileReference; lastKnownFileType = sourcecode.swift; path = ContentView.swift; sourceTree = "<group>"; };
		0EABF42228F4A0560014B9E0 /* Assets.xcassets */ = {isa = PBXFileReference; lastKnownFileType = folder.assetcatalog; path = Assets.xcassets; sourceTree = "<group>"; };
		0EABF42528F4A0560014B9E0 /* Preview Assets.xcassets */ = {isa = PBXFileReference; lastKnownFileType = folder.assetcatalog; path = "Preview Assets.xcassets"; sourceTree = "<group>"; };
		0EB5CD8C28FD288A008506C8 /* SearchBarView.swift */ = {isa = PBXFileReference; lastKnownFileType = sourcecode.swift; path = SearchBarView.swift; sourceTree = "<group>"; };
		0EC942F228FA8C9900D8B991 /* Constants.swift */ = {isa = PBXFileReference; lastKnownFileType = sourcecode.swift; path = Constants.swift; sourceTree = "<group>"; };
		0EC942F428FA8DD900D8B991 /* AppUser.swift */ = {isa = PBXFileReference; lastKnownFileType = sourcecode.swift; path = AppUser.swift; sourceTree = "<group>"; };
		0EC942F628FA90EA00D8B991 /* TODO.swift */ = {isa = PBXFileReference; lastKnownFileType = sourcecode.swift; path = TODO.swift; sourceTree = "<group>"; };
		0EC942F828FA992200D8B991 /* SelectedButton.swift */ = {isa = PBXFileReference; lastKnownFileType = sourcecode.swift; path = SelectedButton.swift; sourceTree = "<group>"; };
		0EECEF3928F69128004E20F1 /* CustomSecureTextField.swift */ = {isa = PBXFileReference; fileEncoding = 4; lastKnownFileType = sourcecode.swift; path = CustomSecureTextField.swift; sourceTree = "<group>"; };
		0EECEF3B28F69434004E20F1 /* PasswordSecureField.swift */ = {isa = PBXFileReference; fileEncoding = 4; lastKnownFileType = sourcecode.swift; path = PasswordSecureField.swift; sourceTree = "<group>"; };
		0EECEF3D28F6CCC6004E20F1 /* AuthenticateButtonView.swift */ = {isa = PBXFileReference; lastKnownFileType = sourcecode.swift; path = AuthenticateButtonView.swift; sourceTree = "<group>"; };
		0EECEF3F28F6E0D1004E20F1 /* UserTextField.swift */ = {isa = PBXFileReference; lastKnownFileType = sourcecode.swift; path = UserTextField.swift; sourceTree = "<group>"; };
		0EECEF4128F71145004E20F1 /* GoogleService-Info.plist */ = {isa = PBXFileReference; fileEncoding = 4; lastKnownFileType = text.plist.xml; path = "GoogleService-Info.plist"; sourceTree = "<group>"; };
		0EFA6C8B28FD75AE0015DAFF /* TODOButtonStack.swift */ = {isa = PBXFileReference; lastKnownFileType = sourcecode.swift; path = TODOButtonStack.swift; sourceTree = "<group>"; };
		0EFA6C8D28FD7E4C0015DAFF /* AddTODOLogo.swift */ = {isa = PBXFileReference; lastKnownFileType = sourcecode.swift; path = AddTODOLogo.swift; sourceTree = "<group>"; };
/* End PBXFileReference section */

/* Begin PBXFrameworksBuildPhase section */
		0EABF41828F4A0540014B9E0 /* Frameworks */ = {
			isa = PBXFrameworksBuildPhase;
			buildActionMask = 2147483647;
			files = (
				0E46198428F8FDBE00426427 /* FirebaseCrashlytics in Frameworks */,
				0E46198028F8FDBE00426427 /* FirebaseAnalytics in Frameworks */,
				0E46198628F8FDBE00426427 /* FirebaseDatabase in Frameworks */,
				0EC9430028FABB5A00D8B991 /* FirebaseFunctions in Frameworks */,
				0E46198828F8FDBE00426427 /* FirebaseFirestore in Frameworks */,
				0EC942FC28FABB5A00D8B991 /* FirebaseAnalyticsSwift in Frameworks */,
				0E46198228F8FDBE00426427 /* FirebaseAuth in Frameworks */,
				0E46198A28F8FDBE00426427 /* FirebaseStorage in Frameworks */,
				0EC942FE28FABB5A00D8B991 /* FirebaseFirestoreSwift in Frameworks */,
			);
			runOnlyForDeploymentPostprocessing = 0;
		};
/* End PBXFrameworksBuildPhase section */

/* Begin PBXGroup section */
		0E8875FF28F553E100260B2C /* Model */ = {
			isa = PBXGroup;
			children = (
				0EC942F428FA8DD900D8B991 /* AppUser.swift */,
				0EC942F628FA90EA00D8B991 /* TODO.swift */,
				0EC942F828FA992200D8B991 /* SelectedButton.swift */,
				0E8DDFE228FABD6200B841CF /* MockData.swift */,
			);
			path = Model;
			sourceTree = "<group>";
		};
		0E88760028F553E800260B2C /* View */ = {
			isa = PBXGroup;
			children = (
				0E88760428F5583D00260B2C /* Utils */,
				0E88760528F5585100260B2C /* Authentication */,
				0E24001A28FAF8520064CA60 /* DashBoardView.swift */,
			);
			path = View;
			sourceTree = "<group>";
		};
		0E88760128F553F100260B2C /* ViewModel */ = {
			isa = PBXGroup;
			children = (
				0E24001728FAD84D0064CA60 /* AuthViewModel.swift */,
				0E24001C28FB7DF90064CA60 /* TODOViewModel.swift */,
			);
			path = ViewModel;
			sourceTree = "<group>";
		};
		0E88760428F5583D00260B2C /* Utils */ = {
			isa = PBXGroup;
			children = (
				0E88760E28F6026D00260B2C /* TextFields */,
				0E88760828F5596B00260B2C /* BackgroundGradientView.swift */,
				0E88760A28F5BC7F00260B2C /* LogoView.swift */,
				0EB5CD8C28FD288A008506C8 /* SearchBarView.swift */,
				0EFA6C8B28FD75AE0015DAFF /* TODOButtonStack.swift */,
				0EFA6C8D28FD7E4C0015DAFF /* AddTODOLogo.swift */,
			);
			path = Utils;
			sourceTree = "<group>";
		};
		0E88760528F5585100260B2C /* Authentication */ = {
			isa = PBXGroup;
			children = (
				0E88760228F5567100260B2C /* LoginView.swift */,
				0EECEF3D28F6CCC6004E20F1 /* AuthenticateButtonView.swift */,
				0E88760628F5588A00260B2C /* SignupView.swift */,
			);
			path = Authentication;
			sourceTree = "<group>";
		};
		0E88760E28F6026D00260B2C /* TextFields */ = {
			isa = PBXGroup;
			children = (
				0E88760C28F5E91D00260B2C /* CustomTextField.swift */,
				0EECEF3928F69128004E20F1 /* CustomSecureTextField.swift */,
				0EECEF3B28F69434004E20F1 /* PasswordSecureField.swift */,
				0E88760F28F6029400260B2C /* EmailTextField.swift */,
				0EECEF3F28F6E0D1004E20F1 /* UserTextField.swift */,
			);
			path = TextFields;
			sourceTree = "<group>";
		};
		0EABF41228F4A0540014B9E0 = {
			isa = PBXGroup;
			children = (
				0EECEF4128F71145004E20F1 /* GoogleService-Info.plist */,
				0EABF41D28F4A0540014B9E0 /* 2bAllDoneTutoring */,
				0EABF41C28F4A0540014B9E0 /* Products */,
				0EC942FA28FABB5A00D8B991 /* Frameworks */,
			);
			sourceTree = "<group>";
		};
		0EABF41C28F4A0540014B9E0 /* Products */ = {
			isa = PBXGroup;
			children = (
				0EABF41B28F4A0540014B9E0 /* 2bAllDoneTutoring.app */,
			);
			name = Products;
			sourceTree = "<group>";
		};
		0EABF41D28F4A0540014B9E0 /* 2bAllDoneTutoring */ = {
			isa = PBXGroup;
			children = (
				0EC942F128FA1D6D00D8B991 /* Utils */,
				0E8875FF28F553E100260B2C /* Model */,
				0E88760028F553E800260B2C /* View */,
				0E88760128F553F100260B2C /* ViewModel */,
				0EABF41E28F4A0540014B9E0 /* _bAllDoneTutoringApp.swift */,
				0EABF42028F4A0540014B9E0 /* ContentView.swift */,
				0EABF42228F4A0560014B9E0 /* Assets.xcassets */,
				0EABF42428F4A0560014B9E0 /* Preview Content */,
			);
			path = 2bAllDoneTutoring;
			sourceTree = "<group>";
		};
		0EABF42428F4A0560014B9E0 /* Preview Content */ = {
			isa = PBXGroup;
			children = (
				0EABF42528F4A0560014B9E0 /* Preview Assets.xcassets */,
			);
			path = "Preview Content";
			sourceTree = "<group>";
		};
		0EC942F128FA1D6D00D8B991 /* Utils */ = {
			isa = PBXGroup;
			children = (
				0EC942F228FA8C9900D8B991 /* Constants.swift */,
			);
			path = Utils;
			sourceTree = "<group>";
		};
		0EC942FA28FABB5A00D8B991 /* Frameworks */ = {
			isa = PBXGroup;
			children = (
			);
			name = Frameworks;
			sourceTree = "<group>";
		};
/* End PBXGroup section */

/* Begin PBXNativeTarget section */
		0EABF41A28F4A0540014B9E0 /* 2bAllDoneTutoring */ = {
			isa = PBXNativeTarget;
			buildConfigurationList = 0EABF42928F4A0560014B9E0 /* Build configuration list for PBXNativeTarget "2bAllDoneTutoring" */;
			buildPhases = (
				0EABF41728F4A0540014B9E0 /* Sources */,
				0EABF41828F4A0540014B9E0 /* Frameworks */,
				0EABF41928F4A0540014B9E0 /* Resources */,
			);
			buildRules = (
			);
			dependencies = (
			);
			name = 2bAllDoneTutoring;
			packageProductDependencies = (
				0E46197F28F8FDBE00426427 /* FirebaseAnalytics */,
				0E46198128F8FDBE00426427 /* FirebaseAuth */,
				0E46198328F8FDBE00426427 /* FirebaseCrashlytics */,
				0E46198528F8FDBE00426427 /* FirebaseDatabase */,
				0E46198728F8FDBE00426427 /* FirebaseFirestore */,
				0E46198928F8FDBE00426427 /* FirebaseStorage */,
				0EC942FB28FABB5A00D8B991 /* FirebaseAnalyticsSwift */,
				0EC942FD28FABB5A00D8B991 /* FirebaseFirestoreSwift */,
				0EC942FF28FABB5A00D8B991 /* FirebaseFunctions */,
			);
			productName = 2bAllDoneTutoring;
			productReference = 0EABF41B28F4A0540014B9E0 /* 2bAllDoneTutoring.app */;
			productType = "com.apple.product-type.application";
		};
/* End PBXNativeTarget section */

/* Begin PBXProject section */
		0EABF41328F4A0540014B9E0 /* Project object */ = {
			isa = PBXProject;
			attributes = {
				BuildIndependentTargetsInParallel = 1;
				LastSwiftUpdateCheck = 1400;
				LastUpgradeCheck = 1400;
				TargetAttributes = {
					0EABF41A28F4A0540014B9E0 = {
						CreatedOnToolsVersion = 14.0;
					};
				};
			};
			buildConfigurationList = 0EABF41628F4A0540014B9E0 /* Build configuration list for PBXProject "2bAllDoneTutoring" */;
			compatibilityVersion = "Xcode 14.0";
			developmentRegion = en;
			hasScannedForEncodings = 0;
			knownRegions = (
				en,
				Base,
			);
			mainGroup = 0EABF41228F4A0540014B9E0;
			packageReferences = (
				0E46197E28F8FDBE00426427 /* XCRemoteSwiftPackageReference "firebase-ios-sdk" */,
			);
			productRefGroup = 0EABF41C28F4A0540014B9E0 /* Products */;
			projectDirPath = "";
			projectRoot = "";
			targets = (
				0EABF41A28F4A0540014B9E0 /* 2bAllDoneTutoring */,
			);
		};
/* End PBXProject section */

/* Begin PBXResourcesBuildPhase section */
		0EABF41928F4A0540014B9E0 /* Resources */ = {
			isa = PBXResourcesBuildPhase;
			buildActionMask = 2147483647;
			files = (
				0EABF42628F4A0560014B9E0 /* Preview Assets.xcassets in Resources */,
				0EABF42328F4A0560014B9E0 /* Assets.xcassets in Resources */,
				0EECEF4228F71145004E20F1 /* GoogleService-Info.plist in Resources */,
			);
			runOnlyForDeploymentPostprocessing = 0;
		};
/* End PBXResourcesBuildPhase section */

/* Begin PBXSourcesBuildPhase section */
		0EABF41728F4A0540014B9E0 /* Sources */ = {
			isa = PBXSourcesBuildPhase;
			buildActionMask = 2147483647;
			files = (
				0EC942F528FA8DD900D8B991 /* AppUser.swift in Sources */,
				0E88761028F6029400260B2C /* EmailTextField.swift in Sources */,
				0EECEF3A28F69128004E20F1 /* CustomSecureTextField.swift in Sources */,
				0E8DDFE328FABD6200B841CF /* MockData.swift in Sources */,
				0EECEF4028F6E0D1004E20F1 /* UserTextField.swift in Sources */,
				0EC942F928FA992200D8B991 /* SelectedButton.swift in Sources */,
				0E88760D28F5E91D00260B2C /* CustomTextField.swift in Sources */,
				0EC942F728FA90EA00D8B991 /* TODO.swift in Sources */,
				0E24001828FAD84D0064CA60 /* AuthViewModel.swift in Sources */,
				0E88760728F5588A00260B2C /* SignupView.swift in Sources */,
				0EFA6C8C28FD75AE0015DAFF /* TODOButtonStack.swift in Sources */,
				0EB5CD8D28FD288A008506C8 /* SearchBarView.swift in Sources */,
				0EECEF3C28F69434004E20F1 /* PasswordSecureField.swift in Sources */,
				0E88760B28F5BC7F00260B2C /* LogoView.swift in Sources */,
				0EC942F328FA8C9900D8B991 /* Constants.swift in Sources */,
				0EECEF3E28F6CCC6004E20F1 /* AuthenticateButtonView.swift in Sources */,
				0E24001B28FAF8520064CA60 /* DashBoardView.swift in Sources */,
				0E88760328F5567100260B2C /* LoginView.swift in Sources */,
				0E24001D28FB7DFA0064CA60 /* TODOViewModel.swift in Sources */,
				0EABF42128F4A0540014B9E0 /* ContentView.swift in Sources */,
				0E88760928F5596B00260B2C /* BackgroundGradientView.swift in Sources */,
				0EABF41F28F4A0540014B9E0 /* _bAllDoneTutoringApp.swift in Sources */,
				0EFA6C8E28FD7E4C0015DAFF /* AddTODOLogo.swift in Sources */,
			);
			runOnlyForDeploymentPostprocessing = 0;
		};
/* End PBXSourcesBuildPhase section */

/* Begin XCBuildConfiguration section */
		0EABF42728F4A0560014B9E0 /* Debug */ = {
			isa = XCBuildConfiguration;
			buildSettings = {
				ALWAYS_SEARCH_USER_PATHS = NO;
				CLANG_ANALYZER_NONNULL = YES;
				CLANG_ANALYZER_NUMBER_OBJECT_CONVERSION = YES_AGGRESSIVE;
				CLANG_CXX_LANGUAGE_STANDARD = "gnu++20";
				CLANG_ENABLE_MODULES = YES;
				CLANG_ENABLE_OBJC_ARC = YES;
				CLANG_ENABLE_OBJC_WEAK = YES;
				CLANG_WARN_BLOCK_CAPTURE_AUTORELEASING = YES;
				CLANG_WARN_BOOL_CONVERSION = YES;
				CLANG_WARN_COMMA = YES;
				CLANG_WARN_CONSTANT_CONVERSION = YES;
				CLANG_WARN_DEPRECATED_OBJC_IMPLEMENTATIONS = YES;
				CLANG_WARN_DIRECT_OBJC_ISA_USAGE = YES_ERROR;
				CLANG_WARN_DOCUMENTATION_COMMENTS = YES;
				CLANG_WARN_EMPTY_BODY = YES;
				CLANG_WARN_ENUM_CONVERSION = YES;
				CLANG_WARN_INFINITE_RECURSION = YES;
				CLANG_WARN_INT_CONVERSION = YES;
				CLANG_WARN_NON_LITERAL_NULL_CONVERSION = YES;
				CLANG_WARN_OBJC_IMPLICIT_RETAIN_SELF = YES;
				CLANG_WARN_OBJC_LITERAL_CONVERSION = YES;
				CLANG_WARN_OBJC_ROOT_CLASS = YES_ERROR;
				CLANG_WARN_QUOTED_INCLUDE_IN_FRAMEWORK_HEADER = YES;
				CLANG_WARN_RANGE_LOOP_ANALYSIS = YES;
				CLANG_WARN_STRICT_PROTOTYPES = YES;
				CLANG_WARN_SUSPICIOUS_MOVE = YES;
				CLANG_WARN_UNGUARDED_AVAILABILITY = YES_AGGRESSIVE;
				CLANG_WARN_UNREACHABLE_CODE = YES;
				CLANG_WARN__DUPLICATE_METHOD_MATCH = YES;
				COPY_PHASE_STRIP = NO;
				DEBUG_INFORMATION_FORMAT = dwarf;
				ENABLE_STRICT_OBJC_MSGSEND = YES;
				ENABLE_TESTABILITY = YES;
				GCC_C_LANGUAGE_STANDARD = gnu11;
				GCC_DYNAMIC_NO_PIC = NO;
				GCC_NO_COMMON_BLOCKS = YES;
				GCC_OPTIMIZATION_LEVEL = 0;
				GCC_PREPROCESSOR_DEFINITIONS = (
					"DEBUG=1",
					"$(inherited)",
				);
				GCC_WARN_64_TO_32_BIT_CONVERSION = YES;
				GCC_WARN_ABOUT_RETURN_TYPE = YES_ERROR;
				GCC_WARN_UNDECLARED_SELECTOR = YES;
				GCC_WARN_UNINITIALIZED_AUTOS = YES_AGGRESSIVE;
				GCC_WARN_UNUSED_FUNCTION = YES;
				GCC_WARN_UNUSED_VARIABLE = YES;
				IPHONEOS_DEPLOYMENT_TARGET = 16.0;
				MTL_ENABLE_DEBUG_INFO = INCLUDE_SOURCE;
				MTL_FAST_MATH = YES;
				ONLY_ACTIVE_ARCH = YES;
				SDKROOT = iphoneos;
				SWIFT_ACTIVE_COMPILATION_CONDITIONS = DEBUG;
				SWIFT_OPTIMIZATION_LEVEL = "-Onone";
			};
			name = Debug;
		};
		0EABF42828F4A0560014B9E0 /* Release */ = {
			isa = XCBuildConfiguration;
			buildSettings = {
				ALWAYS_SEARCH_USER_PATHS = NO;
				CLANG_ANALYZER_NONNULL = YES;
				CLANG_ANALYZER_NUMBER_OBJECT_CONVERSION = YES_AGGRESSIVE;
				CLANG_CXX_LANGUAGE_STANDARD = "gnu++20";
				CLANG_ENABLE_MODULES = YES;
				CLANG_ENABLE_OBJC_ARC = YES;
				CLANG_ENABLE_OBJC_WEAK = YES;
				CLANG_WARN_BLOCK_CAPTURE_AUTORELEASING = YES;
				CLANG_WARN_BOOL_CONVERSION = YES;
				CLANG_WARN_COMMA = YES;
				CLANG_WARN_CONSTANT_CONVERSION = YES;
				CLANG_WARN_DEPRECATED_OBJC_IMPLEMENTATIONS = YES;
				CLANG_WARN_DIRECT_OBJC_ISA_USAGE = YES_ERROR;
				CLANG_WARN_DOCUMENTATION_COMMENTS = YES;
				CLANG_WARN_EMPTY_BODY = YES;
				CLANG_WARN_ENUM_CONVERSION = YES;
				CLANG_WARN_INFINITE_RECURSION = YES;
				CLANG_WARN_INT_CONVERSION = YES;
				CLANG_WARN_NON_LITERAL_NULL_CONVERSION = YES;
				CLANG_WARN_OBJC_IMPLICIT_RETAIN_SELF = YES;
				CLANG_WARN_OBJC_LITERAL_CONVERSION = YES;
				CLANG_WARN_OBJC_ROOT_CLASS = YES_ERROR;
				CLANG_WARN_QUOTED_INCLUDE_IN_FRAMEWORK_HEADER = YES;
				CLANG_WARN_RANGE_LOOP_ANALYSIS = YES;
				CLANG_WARN_STRICT_PROTOTYPES = YES;
				CLANG_WARN_SUSPICIOUS_MOVE = YES;
				CLANG_WARN_UNGUARDED_AVAILABILITY = YES_AGGRESSIVE;
				CLANG_WARN_UNREACHABLE_CODE = YES;
				CLANG_WARN__DUPLICATE_METHOD_MATCH = YES;
				COPY_PHASE_STRIP = NO;
				DEBUG_INFORMATION_FORMAT = "dwarf-with-dsym";
				ENABLE_NS_ASSERTIONS = NO;
				ENABLE_STRICT_OBJC_MSGSEND = YES;
				GCC_C_LANGUAGE_STANDARD = gnu11;
				GCC_NO_COMMON_BLOCKS = YES;
				GCC_WARN_64_TO_32_BIT_CONVERSION = YES;
				GCC_WARN_ABOUT_RETURN_TYPE = YES_ERROR;
				GCC_WARN_UNDECLARED_SELECTOR = YES;
				GCC_WARN_UNINITIALIZED_AUTOS = YES_AGGRESSIVE;
				GCC_WARN_UNUSED_FUNCTION = YES;
				GCC_WARN_UNUSED_VARIABLE = YES;
				IPHONEOS_DEPLOYMENT_TARGET = 16.0;
				MTL_ENABLE_DEBUG_INFO = NO;
				MTL_FAST_MATH = YES;
				SDKROOT = iphoneos;
				SWIFT_COMPILATION_MODE = wholemodule;
				SWIFT_OPTIMIZATION_LEVEL = "-O";
				VALIDATE_PRODUCT = YES;
			};
			name = Release;
		};
		0EABF42A28F4A0560014B9E0 /* Debug */ = {
			isa = XCBuildConfiguration;
			buildSettings = {
				ASSETCATALOG_COMPILER_APPICON_NAME = AppIcon;
				ASSETCATALOG_COMPILER_GLOBAL_ACCENT_COLOR_NAME = AccentColor;
				CODE_SIGN_STYLE = Automatic;
				CURRENT_PROJECT_VERSION = 1;
				DEVELOPMENT_ASSET_PATHS = "\"2bAllDoneTutoring/Preview Content\"";
				DEVELOPMENT_TEAM = B4P54V6UJ9;
				ENABLE_PREVIEWS = YES;
				GENERATE_INFOPLIST_FILE = YES;
				INFOPLIST_KEY_CFBundleDisplayName = "All Done";
				INFOPLIST_KEY_UIApplicationSceneManifest_Generation = YES;
				INFOPLIST_KEY_UIApplicationSupportsIndirectInputEvents = YES;
				INFOPLIST_KEY_UILaunchScreen_Generation = YES;
				INFOPLIST_KEY_UISupportedInterfaceOrientations_iPad = "UIInterfaceOrientationPortrait UIInterfaceOrientationPortraitUpsideDown UIInterfaceOrientationLandscapeLeft UIInterfaceOrientationLandscapeRight";
				INFOPLIST_KEY_UISupportedInterfaceOrientations_iPhone = "UIInterfaceOrientationPortrait UIInterfaceOrientationLandscapeLeft UIInterfaceOrientationLandscapeRight";
				IPHONEOS_DEPLOYMENT_TARGET = 15.6;
				LD_RUNPATH_SEARCH_PATHS = (
					"$(inherited)",
					"@executable_path/Frameworks",
				);
				MARKETING_VERSION = 1.0;
				PRODUCT_BUNDLE_IDENTIFIER = "com.janus.-bAllDoneTutoring";
				PRODUCT_NAME = "$(TARGET_NAME)";
				SWIFT_EMIT_LOC_STRINGS = YES;
				SWIFT_VERSION = 5.0;
				TARGETED_DEVICE_FAMILY = "1,2";
			};
			name = Debug;
		};
		0EABF42B28F4A0560014B9E0 /* Release */ = {
			isa = XCBuildConfiguration;
			buildSettings = {
				ASSETCATALOG_COMPILER_APPICON_NAME = AppIcon;
				ASSETCATALOG_COMPILER_GLOBAL_ACCENT_COLOR_NAME = AccentColor;
				CODE_SIGN_STYLE = Automatic;
				CURRENT_PROJECT_VERSION = 1;
				DEVELOPMENT_ASSET_PATHS = "\"2bAllDoneTutoring/Preview Content\"";
				DEVELOPMENT_TEAM = B4P54V6UJ9;
				ENABLE_PREVIEWS = YES;
				GENERATE_INFOPLIST_FILE = YES;
				INFOPLIST_KEY_CFBundleDisplayName = "All Done";
				INFOPLIST_KEY_UIApplicationSceneManifest_Generation = YES;
				INFOPLIST_KEY_UIApplicationSupportsIndirectInputEvents = YES;
				INFOPLIST_KEY_UILaunchScreen_Generation = YES;
				INFOPLIST_KEY_UISupportedInterfaceOrientations_iPad = "UIInterfaceOrientationPortrait UIInterfaceOrientationPortraitUpsideDown UIInterfaceOrientationLandscapeLeft UIInterfaceOrientationLandscapeRight";
				INFOPLIST_KEY_UISupportedInterfaceOrientations_iPhone = "UIInterfaceOrientationPortrait UIInterfaceOrientationLandscapeLeft UIInterfaceOrientationLandscapeRight";
				IPHONEOS_DEPLOYMENT_TARGET = 15.6;
				LD_RUNPATH_SEARCH_PATHS = (
					"$(inherited)",
					"@executable_path/Frameworks",
				);
				MARKETING_VERSION = 1.0;
				PRODUCT_BUNDLE_IDENTIFIER = "com.janus.-bAllDoneTutoring";
				PRODUCT_NAME = "$(TARGET_NAME)";
				SWIFT_EMIT_LOC_STRINGS = YES;
				SWIFT_VERSION = 5.0;
				TARGETED_DEVICE_FAMILY = "1,2";
			};
			name = Release;
		};
/* End XCBuildConfiguration section */

/* Begin XCConfigurationList section */
		0EABF41628F4A0540014B9E0 /* Build configuration list for PBXProject "2bAllDoneTutoring" */ = {
			isa = XCConfigurationList;
			buildConfigurations = (
				0EABF42728F4A0560014B9E0 /* Debug */,
				0EABF42828F4A0560014B9E0 /* Release */,
			);
			defaultConfigurationIsVisible = 0;
			defaultConfigurationName = Release;
		};
		0EABF42928F4A0560014B9E0 /* Build configuration list for PBXNativeTarget "2bAllDoneTutoring" */ = {
			isa = XCConfigurationList;
			buildConfigurations = (
				0EABF42A28F4A0560014B9E0 /* Debug */,
				0EABF42B28F4A0560014B9E0 /* Release */,
			);
			defaultConfigurationIsVisible = 0;
			defaultConfigurationName = Release;
		};
/* End XCConfigurationList section */

/* Begin XCRemoteSwiftPackageReference section */
		0E46197E28F8FDBE00426427 /* XCRemoteSwiftPackageReference "firebase-ios-sdk" */ = {
			isa = XCRemoteSwiftPackageReference;
			repositoryURL = "https://github.com/firebase/firebase-ios-sdk";
			requirement = {
				kind = upToNextMajorVersion;
				minimumVersion = 9.0.0;
			};
		};
/* End XCRemoteSwiftPackageReference section */

/* Begin XCSwiftPackageProductDependency section */
		0E46197F28F8FDBE00426427 /* FirebaseAnalytics */ = {
			isa = XCSwiftPackageProductDependency;
			package = 0E46197E28F8FDBE00426427 /* XCRemoteSwiftPackageReference "firebase-ios-sdk" */;
			productName = FirebaseAnalytics;
		};
		0E46198128F8FDBE00426427 /* FirebaseAuth */ = {
			isa = XCSwiftPackageProductDependency;
			package = 0E46197E28F8FDBE00426427 /* XCRemoteSwiftPackageReference "firebase-ios-sdk" */;
			productName = FirebaseAuth;
		};
		0E46198328F8FDBE00426427 /* FirebaseCrashlytics */ = {
			isa = XCSwiftPackageProductDependency;
			package = 0E46197E28F8FDBE00426427 /* XCRemoteSwiftPackageReference "firebase-ios-sdk" */;
			productName = FirebaseCrashlytics;
		};
		0E46198528F8FDBE00426427 /* FirebaseDatabase */ = {
			isa = XCSwiftPackageProductDependency;
			package = 0E46197E28F8FDBE00426427 /* XCRemoteSwiftPackageReference "firebase-ios-sdk" */;
			productName = FirebaseDatabase;
		};
		0E46198728F8FDBE00426427 /* FirebaseFirestore */ = {
			isa = XCSwiftPackageProductDependency;
			package = 0E46197E28F8FDBE00426427 /* XCRemoteSwiftPackageReference "firebase-ios-sdk" */;
			productName = FirebaseFirestore;
		};
		0E46198928F8FDBE00426427 /* FirebaseStorage */ = {
			isa = XCSwiftPackageProductDependency;
			package = 0E46197E28F8FDBE00426427 /* XCRemoteSwiftPackageReference "firebase-ios-sdk" */;
			productName = FirebaseStorage;
		};
		0EC942FB28FABB5A00D8B991 /* FirebaseAnalyticsSwift */ = {
			isa = XCSwiftPackageProductDependency;
			package = 0E46197E28F8FDBE00426427 /* XCRemoteSwiftPackageReference "firebase-ios-sdk" */;
			productName = FirebaseAnalyticsSwift;
		};
		0EC942FD28FABB5A00D8B991 /* FirebaseFirestoreSwift */ = {
			isa = XCSwiftPackageProductDependency;
			package = 0E46197E28F8FDBE00426427 /* XCRemoteSwiftPackageReference "firebase-ios-sdk" */;
			productName = FirebaseFirestoreSwift;
		};
		0EC942FF28FABB5A00D8B991 /* FirebaseFunctions */ = {
			isa = XCSwiftPackageProductDependency;
			package = 0E46197E28F8FDBE00426427 /* XCRemoteSwiftPackageReference "firebase-ios-sdk" */;
			productName = FirebaseFunctions;
		};
/* End XCSwiftPackageProductDependency section */
	};
	rootObject = 0EABF41328F4A0540014B9E0 /* Project object */;
}
